hash: 0f894b58e5e05750ae792dda9435bc0fc9acef1f1d4a61218b15ae739a967ea4
updated: 2017-11-12T00:53:59.747463772+09:00
imports:
- name: github.com/cihub/seelog
  version: d2c6e5aa9fbfdd1c624e140287063c7730654115
- name: github.com/dropbox/dropbox-sdk-go-unofficial
  version: 9a536e3b58ed271dc9d1f21681db990ca601a551
  subpackages:
  - dropbox
  - dropbox/...
  - dropbox/async
  - dropbox/auth
  - dropbox/file_properties
  - dropbox/files
  - dropbox/sharing
  - dropbox/team
  - dropbox/team_common
  - dropbox/team_policies
  - dropbox/users
  - dropbox/users_common
- name: github.com/dustin/go-humanize
  version: bb3d318650d48840a39aa21a027c6630e198e626
- name: github.com/golang/protobuf
  version: 1643683e1b54a9e88ad26d98f81400c8c9d9f4f9
  subpackages:
  - proto
- name: github.com/gosuri/uilive
  version: ac356e6e42cd31fcef8e6aec13ae9ed6fe87713e
- name: github.com/gosuri/uiprogress
  version: d0567a9d84a1c40dd7568115ea66f4887bf57b33
  subpackages:
  - util/strutil
- name: github.com/mattn/go-isatty
  version: 6ca4dbf54d38eea1a992b3c722a76a5d1c4cb25c
- name: github.com/mattn/go-sqlite3
  version: ca5e3819723d8eeaf170ad510e7da1d6d2e94a08
- name: github.com/tealeg/xlsx
  version: 92caefe99f99872a8fb943097ed2bd47491d0b86
- name: github.com/watermint/bwlimit
  version: 8152079585508d4cb67950578277091bb233641b
- name: golang.org/x/net
  version: a337091b0525af65de94df2eb7e98bd9962dcbe2
  subpackages:
  - context
  - context/ctxhttp
- name: golang.org/x/oauth2
  version: 9ff8ebcc8e241d46f52ecc5bff0e5a2f2dbef402
  subpackages:
  - internal
- name: golang.org/x/sys
  version: 1e2299c37cc91a509f1b12369872d27be0ce98a6
  subpackages:
  - unix
- name: golang.org/x/text
  version: 88f656faf3f37f690df1a32515b479415e1a6769
  subpackages:
  - transform
  - unicode/norm
- name: google.golang.org/appengine
  version: 9d8544a6b2c7df9cff240fcf92d7b2f59bc13416
  subpackages:
  - internal
  - internal/base
  - internal/datastore
  - internal/log
  - internal/remote_api
  - internal/urlfetch
  - urlfetch
testImports: []
