hash: 3770646a1dd741135bc778a28c92e983493a002b790801adc6327dacf6220c4c
updated: 2017-12-08T11:48:27.562881638+09:00
imports:
- name: github.com/cihub/seelog
  version: d2c6e5aa9fbfdd1c624e140287063c7730654115
- name: github.com/dropbox/dropbox-sdk-go-unofficial
  version: 9a536e3b58ed271dc9d1f21681db990ca601a551
  subpackages:
  - dropbox/...
- name: golang.org/x/net
  version: a8b9294777976932365dabb6640cf1468d95c70f
  subpackages:
  - context
- name: golang.org/x/oauth2
  version: f95fa95eaa936d9d87489b15d1d18b97c1ba9c28
- name: golang.org/x/text
  version: 75cc3cad82b5f47d3fb229ddda8c5167da14f294
  subpackages:
  - unicode/norm
testImports: []
